
Microsoft Visual Studio Solution File, Format Version 12.00
# Visual Studio Version 17
VisualStudioVersion = 17.8.34309.116
MinimumVisualStudioVersion = 10.0.40219.1
Project("{9A19103F-16F7-4668-BE54-9A1E7A4F7556}") = "OnlineTravelDiscussionForum", "OnlineTravelDiscussionForum\OnlineTravelDiscussionForum.csproj", "{8D7D4FFC-3A62-411A-B66B-08DCC48A54C0}"
EndProject
Global
	GlobalSection(SolutionConfigurationPlatforms) = preSolution
		Debug|Any CPU = Debug|Any CPU
		Release|Any CPU = Release|Any CPU
	EndGlobalSection
	GlobalSection(ProjectConfigurationPlatforms) = postSolution
		{8D7D4FFC-3A62-411A-B66B-08DCC48A54C0}.Debug|Any CPU.ActiveCfg = Debug|Any CPU
		{8D7D4FFC-3A62-411A-B66B-08DCC48A54C0}.Debug|Any CPU.Build.0 = Debug|Any CPU
		{8D7D4FFC-3A62-411A-B66B-08DCC48A54C0}.Release|Any CPU.ActiveCfg = Release|Any CPU
		{8D7D4FFC-3A62-411A-B66B-08DCC48A54C0}.Release|Any CPU.Build.0 = Release|Any CPU
	EndGlobalSection
	GlobalSection(SolutionProperties) = preSolution
		HideSolutionNode = FALSE
	EndGlobalSection
	GlobalSection(ExtensibilityGlobals) = postSolution
		SolutionGuid = {3C079419-C0FC-49DB-8217-59B04379A0C7}
	EndGlobalSection
EndGlobal
